
Microsoft Visual Studio Solution File, Format Version 12.00
# Visual Studio Version 17
VisualStudioVersion = 17.2.32519.379
MinimumVisualStudioVersion = 10.0.40219.1
Project("{FAE04EC0-301F-11D3-BF4B-00C04F79EFBC}") = "FuelSurchargeApi", "FuelSurchargeApi\FuelSurchargeApi.csproj", "{8FFBBE24-EA53-4A7B-98AA-697D9D569A4C}"
EndProject
Project("{FAE04EC0-301F-11D3-BF4B-00C04F79EFBC}") = "FuelSurchargeApiTests", "FuelSurchargeApiTests\FuelSurchargeApiTests.csproj", "{ACAC0B54-02EC-43BB-9D21-C09E3D424E0D}"
EndProject
Global
	GlobalSection(SolutionConfigurationPlatforms) = preSolution
		Debug|Any CPU = Debug|Any CPU
		Release|Any CPU = Release|Any CPU
	EndGlobalSection
	GlobalSection(ProjectConfigurationPlatforms) = postSolution
		{8FFBBE24-EA53-4A7B-98AA-697D9D569A4C}.Debug|Any CPU.ActiveCfg = Debug|Any CPU
		{8FFBBE24-EA53-4A7B-98AA-697D9D569A4C}.Debug|Any CPU.Build.0 = Debug|Any CPU
		{8FFBBE24-EA53-4A7B-98AA-697D9D569A4C}.Release|Any CPU.ActiveCfg = Release|Any CPU
		{8FFBBE24-EA53-4A7B-98AA-697D9D569A4C}.Release|Any CPU.Build.0 = Release|Any CPU
		{ACAC0B54-02EC-43BB-9D21-C09E3D424E0D}.Debug|Any CPU.ActiveCfg = Debug|Any CPU
		{ACAC0B54-02EC-43BB-9D21-C09E3D424E0D}.Debug|Any CPU.Build.0 = Debug|Any CPU
		{ACAC0B54-02EC-43BB-9D21-C09E3D424E0D}.Release|Any CPU.ActiveCfg = Release|Any CPU
		{ACAC0B54-02EC-43BB-9D21-C09E3D424E0D}.Release|Any CPU.Build.0 = Release|Any CPU
	EndGlobalSection
	GlobalSection(SolutionProperties) = preSolution
		HideSolutionNode = FALSE
	EndGlobalSection
	GlobalSection(ExtensibilityGlobals) = postSolution
		SolutionGuid = {38869130-E203-4B1A-996F-1C7C181183A6}
	EndGlobalSection
EndGlobal
